
Microsoft Visual Studio Solution File, Format Version 12.00
# Visual Studio 15
Project("{FAE04EC0-301F-11D3-BF4B-00C04F79EFBC}") = "Assembly-CSharp-Editor", "Assembly-CSharp-Editor.csproj", "{FB243771-1277-0917-B2FF-275A2E325CB3}"
EndProject
Project("{FAE04EC0-301F-11D3-BF4B-00C04F79EFBC}") = "Assembly-CSharp", "Assembly-CSharp.csproj", "{014001B2-F280-A388-F8DD-E09E84EF8A0E}"
EndProject
Global
	GlobalSection(SolutionConfigurationPlatforms) = preSolution
		Debug|Any CPU = Debug|Any CPU
		Release|Any CPU = Release|Any CPU
	EndGlobalSection
	GlobalSection(ProjectConfigurationPlatforms) = postSolution
		{FB243771-1277-0917-B2FF-275A2E325CB3}.Debug|Any CPU.ActiveCfg = Debug|Any CPU
		{FB243771-1277-0917-B2FF-275A2E325CB3}.Debug|Any CPU.Build.0 = Debug|Any CPU
		{FB243771-1277-0917-B2FF-275A2E325CB3}.Release|Any CPU.ActiveCfg = Release|Any CPU
		{FB243771-1277-0917-B2FF-275A2E325CB3}.Release|Any CPU.Build.0 = Release|Any CPU
		{014001B2-F280-A388-F8DD-E09E84EF8A0E}.Debug|Any CPU.ActiveCfg = Debug|Any CPU
		{014001B2-F280-A388-F8DD-E09E84EF8A0E}.Debug|Any CPU.Build.0 = Debug|Any CPU
		{014001B2-F280-A388-F8DD-E09E84EF8A0E}.Release|Any CPU.ActiveCfg = Release|Any CPU
		{014001B2-F280-A388-F8DD-E09E84EF8A0E}.Release|Any CPU.Build.0 = Release|Any CPU
	EndGlobalSection
	GlobalSection(SolutionProperties) = preSolution
		HideSolutionNode = FALSE
	EndGlobalSection
EndGlobal
